
Microsoft Visual Studio Solution File, Format Version 12.00
# Visual Studio Version 17
VisualStudioVersion = 17.0.31903.59
MinimumVisualStudioVersion = 10.0.40219.1
Project("{2150E333-8FDC-42A3-9474-1A3956D46DE8}") = "src", "src", "{9C99E3EF-27FE-47DF-92ED-2EAACFB7BA47}"
EndProject
Project("{FAE04EC0-301F-11D3-BF4B-00C04F79EFBC}") = "webapi", "src\backend\webapi.csproj", "{505DFE19-36AA-4BA9-965F-8ECF47E51FF8}"
EndProject
Project("{FAE04EC0-301F-11D3-BF4B-00C04F79EFBC}") = "test", "src\test\test.csproj", "{47053319-7B48-4ADC-8CE9-08FDF0E064E5}"
EndProject
Global
	GlobalSection(SolutionConfigurationPlatforms) = preSolution
		Debug|Any CPU = Debug|Any CPU
		Release|Any CPU = Release|Any CPU
	EndGlobalSection
	GlobalSection(SolutionProperties) = preSolution
		HideSolutionNode = FALSE
	EndGlobalSection
	GlobalSection(ProjectConfigurationPlatforms) = postSolution
		{505DFE19-36AA-4BA9-965F-8ECF47E51FF8}.Debug|Any CPU.ActiveCfg = Debug|Any CPU
		{505DFE19-36AA-4BA9-965F-8ECF47E51FF8}.Debug|Any CPU.Build.0 = Debug|Any CPU
		{505DFE19-36AA-4BA9-965F-8ECF47E51FF8}.Release|Any CPU.ActiveCfg = Release|Any CPU
		{505DFE19-36AA-4BA9-965F-8ECF47E51FF8}.Release|Any CPU.Build.0 = Release|Any CPU
		{47053319-7B48-4ADC-8CE9-08FDF0E064E5}.Debug|Any CPU.ActiveCfg = Debug|Any CPU
		{47053319-7B48-4ADC-8CE9-08FDF0E064E5}.Debug|Any CPU.Build.0 = Debug|Any CPU
		{47053319-7B48-4ADC-8CE9-08FDF0E064E5}.Release|Any CPU.ActiveCfg = Release|Any CPU
		{47053319-7B48-4ADC-8CE9-08FDF0E064E5}.Release|Any CPU.Build.0 = Release|Any CPU
	EndGlobalSection
	GlobalSection(NestedProjects) = preSolution
		{505DFE19-36AA-4BA9-965F-8ECF47E51FF8} = {9C99E3EF-27FE-47DF-92ED-2EAACFB7BA47}
		{47053319-7B48-4ADC-8CE9-08FDF0E064E5} = {9C99E3EF-27FE-47DF-92ED-2EAACFB7BA47}
	EndGlobalSection
EndGlobal
