
Microsoft Visual Studio Solution File, Format Version 12.00
# Visual Studio Version 17
VisualStudioVersion = 17.0.31903.59
MinimumVisualStudioVersion = 10.0.40219.1
Project("{2150E333-8FDC-42A3-9474-1A3956D46DE8}") = "src", "src", "{0EF32066-1BB5-4D5E-A68C-6F437625408E}"
EndProject
Project("{2150E333-8FDC-42A3-9474-1A3956D46DE8}") = "backend", "backend", "{672C32D6-633A-4B6B-BF1B-B34B3664CC1C}"
EndProject
Project("{FAE04EC0-301F-11D3-BF4B-00C04F79EFBC}") = "abstractions", "src\backend\abstractions\abstractions.csproj", "{A47BA555-5657-4AC0-8872-65E196BC4172}"
EndProject
Project("{FAE04EC0-301F-11D3-BF4B-00C04F79EFBC}") = "db-context", "src\backend\db-context\db-context.csproj", "{D6CDB50B-3A18-41BF-A099-63208939F93B}"
EndProject
Project("{FAE04EC0-301F-11D3-BF4B-00C04F79EFBC}") = "db-migrations-psql", "src\backend\db-migrations-psql\db-migrations-psql.csproj", "{AB5BF639-E6F9-43AE-A971-62444226F1B0}"
EndProject
Project("{FAE04EC0-301F-11D3-BF4B-00C04F79EFBC}") = "webapi", "src\backend\webapi\webapi.csproj", "{1061D8B2-40B9-40EA-9BFD-69621A7880B2}"
EndProject
Project("{FAE04EC0-301F-11D3-BF4B-00C04F79EFBC}") = "test", "src\backend\test\test.csproj", "{9BB21B1A-C60B-49E6-9508-CE144C1C62D4}"
EndProject
Global
	GlobalSection(SolutionConfigurationPlatforms) = preSolution
		Debug|Any CPU = Debug|Any CPU
		Release|Any CPU = Release|Any CPU
	EndGlobalSection
	GlobalSection(SolutionProperties) = preSolution
		HideSolutionNode = FALSE
	EndGlobalSection
	GlobalSection(ProjectConfigurationPlatforms) = postSolution
		{A47BA555-5657-4AC0-8872-65E196BC4172}.Debug|Any CPU.ActiveCfg = Debug|Any CPU
		{A47BA555-5657-4AC0-8872-65E196BC4172}.Debug|Any CPU.Build.0 = Debug|Any CPU
		{A47BA555-5657-4AC0-8872-65E196BC4172}.Release|Any CPU.ActiveCfg = Release|Any CPU
		{A47BA555-5657-4AC0-8872-65E196BC4172}.Release|Any CPU.Build.0 = Release|Any CPU
		{D6CDB50B-3A18-41BF-A099-63208939F93B}.Debug|Any CPU.ActiveCfg = Debug|Any CPU
		{D6CDB50B-3A18-41BF-A099-63208939F93B}.Debug|Any CPU.Build.0 = Debug|Any CPU
		{D6CDB50B-3A18-41BF-A099-63208939F93B}.Release|Any CPU.ActiveCfg = Release|Any CPU
		{D6CDB50B-3A18-41BF-A099-63208939F93B}.Release|Any CPU.Build.0 = Release|Any CPU
		{AB5BF639-E6F9-43AE-A971-62444226F1B0}.Debug|Any CPU.ActiveCfg = Debug|Any CPU
		{AB5BF639-E6F9-43AE-A971-62444226F1B0}.Debug|Any CPU.Build.0 = Debug|Any CPU
		{AB5BF639-E6F9-43AE-A971-62444226F1B0}.Release|Any CPU.ActiveCfg = Release|Any CPU
		{AB5BF639-E6F9-43AE-A971-62444226F1B0}.Release|Any CPU.Build.0 = Release|Any CPU
		{1061D8B2-40B9-40EA-9BFD-69621A7880B2}.Debug|Any CPU.ActiveCfg = Debug|Any CPU
		{1061D8B2-40B9-40EA-9BFD-69621A7880B2}.Debug|Any CPU.Build.0 = Debug|Any CPU
		{1061D8B2-40B9-40EA-9BFD-69621A7880B2}.Release|Any CPU.ActiveCfg = Release|Any CPU
		{1061D8B2-40B9-40EA-9BFD-69621A7880B2}.Release|Any CPU.Build.0 = Release|Any CPU
		{9BB21B1A-C60B-49E6-9508-CE144C1C62D4}.Debug|Any CPU.ActiveCfg = Debug|Any CPU
		{9BB21B1A-C60B-49E6-9508-CE144C1C62D4}.Debug|Any CPU.Build.0 = Debug|Any CPU
		{9BB21B1A-C60B-49E6-9508-CE144C1C62D4}.Release|Any CPU.ActiveCfg = Release|Any CPU
		{9BB21B1A-C60B-49E6-9508-CE144C1C62D4}.Release|Any CPU.Build.0 = Release|Any CPU
	EndGlobalSection
	GlobalSection(NestedProjects) = preSolution
		{672C32D6-633A-4B6B-BF1B-B34B3664CC1C} = {0EF32066-1BB5-4D5E-A68C-6F437625408E}
		{A47BA555-5657-4AC0-8872-65E196BC4172} = {672C32D6-633A-4B6B-BF1B-B34B3664CC1C}
		{D6CDB50B-3A18-41BF-A099-63208939F93B} = {672C32D6-633A-4B6B-BF1B-B34B3664CC1C}
		{AB5BF639-E6F9-43AE-A971-62444226F1B0} = {672C32D6-633A-4B6B-BF1B-B34B3664CC1C}
		{1061D8B2-40B9-40EA-9BFD-69621A7880B2} = {672C32D6-633A-4B6B-BF1B-B34B3664CC1C}
		{9BB21B1A-C60B-49E6-9508-CE144C1C62D4} = {672C32D6-633A-4B6B-BF1B-B34B3664CC1C}
	EndGlobalSection
EndGlobal
